
Microsoft Visual Studio Solution File, Format Version 12.00
# Visual Studio Version 17
VisualStudioVersion = 17.5.33502.453
MinimumVisualStudioVersion = 10.0.40219.1
Project("{8BC9CEB8-8B4A-11D0-8D11-00A0C91BC942}") = "0.0", "0.0\0.0.vcxproj", "{37F294CC-008A-48D7-A972-C9770C749437}"
EndProject
Global
	GlobalSection(SolutionConfigurationPlatforms) = preSolution
		Debug|x64 = Debug|x64
		Debug|x86 = Debug|x86
		Release|x64 = Release|x64
		Release|x86 = Release|x86
	EndGlobalSection
	GlobalSection(ProjectConfigurationPlatforms) = postSolution
		{37F294CC-008A-48D7-A972-C9770C749437}.Debug|x64.ActiveCfg = Debug|x64
		{37F294CC-008A-48D7-A972-C9770C749437}.Debug|x64.Build.0 = Debug|x64
		{37F294CC-008A-48D7-A972-C9770C749437}.Debug|x86.ActiveCfg = Debug|Win32
		{37F294CC-008A-48D7-A972-C9770C749437}.Debug|x86.Build.0 = Debug|Win32
		{37F294CC-008A-48D7-A972-C9770C749437}.Release|x64.ActiveCfg = Release|x64
		{37F294CC-008A-48D7-A972-C9770C749437}.Release|x64.Build.0 = Release|x64
		{37F294CC-008A-48D7-A972-C9770C749437}.Release|x86.ActiveCfg = Release|Win32
		{37F294CC-008A-48D7-A972-C9770C749437}.Release|x86.Build.0 = Release|Win32
	EndGlobalSection
	GlobalSection(SolutionProperties) = preSolution
		HideSolutionNode = FALSE
	EndGlobalSection
	GlobalSection(ExtensibilityGlobals) = postSolution
		SolutionGuid = {5996F4F4-12BF-4E5A-AE7E-D2BB086A7EA5}
	EndGlobalSection
EndGlobal
